
Microsoft Visual Studio Solution File, Format Version 12.00
# 
Project("{2150E333-8FDC-42A3-9474-1A3956D46DE8}") = "Movie", "Movie", "{43AFF091-99A6-4DE9-AE78-9C9B318D9EE1}"
EndProject
Project("{FAE04EC0-301F-11D3-BF4B-00C04F79EFBC}") = "Movie.DAL", "Movie\Movie.DAL\Movie.DAL.csproj", "{26EA346B-38D2-4F2E-BBBC-086E649587F7}"
EndProject
Project("{FAE04EC0-301F-11D3-BF4B-00C04F79EFBC}") = "Movie.BLL", "Movie\Movie.BLL\Movie.BLL.csproj", "{7D0BD342-452E-4576-9135-C440251F78D2}"
EndProject
Project("{FAE04EC0-301F-11D3-BF4B-00C04F79EFBC}") = "Movie.API", "Movie\Movie.API\Movie.API.csproj", "{A9DBE4E8-9664-4493-9C58-08B8E694F52B}"
EndProject
Global
	GlobalSection(SolutionConfigurationPlatforms) = preSolution
		Debug|Any CPU = Debug|Any CPU
		Release|Any CPU = Release|Any CPU
	EndGlobalSection
	GlobalSection(ProjectConfigurationPlatforms) = postSolution
		{26EA346B-38D2-4F2E-BBBC-086E649587F7}.Debug|Any CPU.ActiveCfg = Debug|Any CPU
		{26EA346B-38D2-4F2E-BBBC-086E649587F7}.Debug|Any CPU.Build.0 = Debug|Any CPU
		{26EA346B-38D2-4F2E-BBBC-086E649587F7}.Release|Any CPU.ActiveCfg = Release|Any CPU
		{26EA346B-38D2-4F2E-BBBC-086E649587F7}.Release|Any CPU.Build.0 = Release|Any CPU
		{7D0BD342-452E-4576-9135-C440251F78D2}.Debug|Any CPU.ActiveCfg = Debug|Any CPU
		{7D0BD342-452E-4576-9135-C440251F78D2}.Debug|Any CPU.Build.0 = Debug|Any CPU
		{7D0BD342-452E-4576-9135-C440251F78D2}.Release|Any CPU.ActiveCfg = Release|Any CPU
		{7D0BD342-452E-4576-9135-C440251F78D2}.Release|Any CPU.Build.0 = Release|Any CPU
		{A9DBE4E8-9664-4493-9C58-08B8E694F52B}.Debug|Any CPU.ActiveCfg = Debug|Any CPU
		{A9DBE4E8-9664-4493-9C58-08B8E694F52B}.Debug|Any CPU.Build.0 = Debug|Any CPU
		{A9DBE4E8-9664-4493-9C58-08B8E694F52B}.Release|Any CPU.ActiveCfg = Release|Any CPU
		{A9DBE4E8-9664-4493-9C58-08B8E694F52B}.Release|Any CPU.Build.0 = Release|Any CPU
	EndGlobalSection
	GlobalSection(NestedProjects) = preSolution
		{26EA346B-38D2-4F2E-BBBC-086E649587F7} = {43AFF091-99A6-4DE9-AE78-9C9B318D9EE1}
		{7D0BD342-452E-4576-9135-C440251F78D2} = {43AFF091-99A6-4DE9-AE78-9C9B318D9EE1}
		{A9DBE4E8-9664-4493-9C58-08B8E694F52B} = {43AFF091-99A6-4DE9-AE78-9C9B318D9EE1}
	EndGlobalSection
EndGlobal
